// !$*UTF8*$!
{
	archiveVersion = 1;
	classes = {
	};
	objectVersion = 50;
	objects = {

/* Begin PBXBuildFile section */
		7CF2CF782329AEC70031F2FB /* AppDelegate.swift in Sources */ = {isa = PBXBuildFile; fileRef = 7CF2CF772329AEC70031F2FB /* AppDelegate.swift */; };
		7CF2CF7D2329AEC70031F2FB /* Main.storyboard in Resources */ = {isa = PBXBuildFile; fileRef = 7CF2CF7B2329AEC70031F2FB /* Main.storyboard */; };
		7CF2CF7F2329AEC90031F2FB /* Assets.xcassets in Resources */ = {isa = PBXBuildFile; fileRef = 7CF2CF7E2329AEC90031F2FB /* Assets.xcassets */; };
		7CF2CF822329AEC90031F2FB /* LaunchScreen.storyboard in Resources */ = {isa = PBXBuildFile; fileRef = 7CF2CF802329AEC90031F2FB /* LaunchScreen.storyboard */; };
		7CF2CF8E2329B0470031F2FB /* UserViewController.swift in Sources */ = {isa = PBXBuildFile; fileRef = 7CF2CF8D2329B0470031F2FB /* UserViewController.swift */; };
		7CF2CF902329B0680031F2FB /* Geofence.swift in Sources */ = {isa = PBXBuildFile; fileRef = 7CF2CF8F2329B0680031F2FB /* Geofence.swift */; };
		7CF2CF922329B0770031F2FB /* GeofenceHandler.swift in Sources */ = {isa = PBXBuildFile; fileRef = 7CF2CF912329B0770031F2FB /* GeofenceHandler.swift */; };
		7CF2CF96232AC2710031F2FB /* MapKit.framework in Frameworks */ = {isa = PBXBuildFile; fileRef = 7CF2CF95232AC2710031F2FB /* MapKit.framework */; };
/* End PBXBuildFile section */

/* Begin PBXFileReference section */
		7CF2CF742329AEC70031F2FB /* barracuda.app */ = {isa = PBXFileReference; explicitFileType = wrapper.application; includeInIndex = 0; path = barracuda.app; sourceTree = BUILT_PRODUCTS_DIR; };
		7CF2CF772329AEC70031F2FB /* AppDelegate.swift */ = {isa = PBXFileReference; lastKnownFileType = sourcecode.swift; path = AppDelegate.swift; sourceTree = "<group>"; };
		7CF2CF7C2329AEC70031F2FB /* Base */ = {isa = PBXFileReference; lastKnownFileType = file.storyboard; name = Base; path = Base.lproj/Main.storyboard; sourceTree = "<group>"; };
		7CF2CF7E2329AEC90031F2FB /* Assets.xcassets */ = {isa = PBXFileReference; lastKnownFileType = folder.assetcatalog; path = Assets.xcassets; sourceTree = "<group>"; };
		7CF2CF812329AEC90031F2FB /* Base */ = {isa = PBXFileReference; lastKnownFileType = file.storyboard; name = Base; path = Base.lproj/LaunchScreen.storyboard; sourceTree = "<group>"; };
		7CF2CF832329AEC90031F2FB /* Info.plist */ = {isa = PBXFileReference; lastKnownFileType = text.plist.xml; path = Info.plist; sourceTree = "<group>"; };
		7CF2CF8D2329B0470031F2FB /* UserViewController.swift */ = {isa = PBXFileReference; lastKnownFileType = sourcecode.swift; path = UserViewController.swift; sourceTree = "<group>"; };
		7CF2CF8F2329B0680031F2FB /* Geofence.swift */ = {isa = PBXFileReference; lastKnownFileType = sourcecode.swift; path = Geofence.swift; sourceTree = "<group>"; };
		7CF2CF912329B0770031F2FB /* GeofenceHandler.swift */ = {isa = PBXFileReference; lastKnownFileType = sourcecode.swift; path = GeofenceHandler.swift; sourceTree = "<group>"; };
		7CF2CF93232AC2600031F2FB /* barracuda.entitlements */ = {isa = PBXFileReference; lastKnownFileType = text.plist.entitlements; path = barracuda.entitlements; sourceTree = "<group>"; };
		7CF2CF95232AC2710031F2FB /* MapKit.framework */ = {isa = PBXFileReference; lastKnownFileType = wrapper.framework; name = MapKit.framework; path = System/Library/Frameworks/MapKit.framework; sourceTree = SDKROOT; };
/* End PBXFileReference section */

/* Begin PBXFrameworksBuildPhase section */
		7CF2CF712329AEC70031F2FB /* Frameworks */ = {
			isa = PBXFrameworksBuildPhase;
			buildActionMask = 2147483647;
			files = (
				7CF2CF96232AC2710031F2FB /* MapKit.framework in Frameworks */,
			);
			runOnlyForDeploymentPostprocessing = 0;
		};
/* End PBXFrameworksBuildPhase section */

/* Begin PBXGroup section */
		7CF2CF6B2329AEC70031F2FB = {
			isa = PBXGroup;
			children = (
				7CF2CF762329AEC70031F2FB /* barracuda */,
				7CF2CF752329AEC70031F2FB /* Products */,
				7CF2CF94232AC2710031F2FB /* Frameworks */,
			);
			sourceTree = "<group>";
		};
		7CF2CF752329AEC70031F2FB /* Products */ = {
			isa = PBXGroup;
			children = (
				7CF2CF742329AEC70031F2FB /* barracuda.app */,
			);
			name = Products;
			sourceTree = "<group>";
		};
		7CF2CF762329AEC70031F2FB /* barracuda */ = {
			isa = PBXGroup;
			children = (
				7CF2CF93232AC2600031F2FB /* barracuda.entitlements */,
				7CF2CF832329AEC90031F2FB /* Info.plist */,
				7CF2CF8C2329AF460031F2FB /* resources */,
				7CF2CF8B2329AEF80031F2FB /* Controller */,
				7CF2CF8A2329AEDD0031F2FB /* View  */,
				7CF2CF892329AED30031F2FB /* Model */,
			);
			path = barracuda;
			sourceTree = "<group>";
		};
		7CF2CF892329AED30031F2FB /* Model */ = {
			isa = PBXGroup;
			children = (
				7CF2CF8F2329B0680031F2FB /* Geofence.swift */,
				7CF2CF912329B0770031F2FB /* GeofenceHandler.swift */,
			);
			path = Model;
			sourceTree = "<group>";
		};
		7CF2CF8A2329AEDD0031F2FB /* View  */ = {
			isa = PBXGroup;
			children = (
				7CF2CF802329AEC90031F2FB /* LaunchScreen.storyboard */,
				7CF2CF7B2329AEC70031F2FB /* Main.storyboard */,
			);
			path = "View ";
			sourceTree = "<group>";
		};
		7CF2CF8B2329AEF80031F2FB /* Controller */ = {
			isa = PBXGroup;
			children = (
				7CF2CF8D2329B0470031F2FB /* UserViewController.swift */,
			);
			path = Controller;
			sourceTree = "<group>";
		};
		7CF2CF8C2329AF460031F2FB /* resources */ = {
			isa = PBXGroup;
			children = (
				7CF2CF7E2329AEC90031F2FB /* Assets.xcassets */,
				7CF2CF772329AEC70031F2FB /* AppDelegate.swift */,
			);
			path = resources;
			sourceTree = "<group>";
		};
		7CF2CF94232AC2710031F2FB /* Frameworks */ = {
			isa = PBXGroup;
			children = (
				7CF2CF95232AC2710031F2FB /* MapKit.framework */,
			);
			name = Frameworks;
			sourceTree = "<group>";
		};
/* End PBXGroup section */

/* Begin PBXNativeTarget section */
		7CF2CF732329AEC70031F2FB /* barracuda */ = {
			isa = PBXNativeTarget;
			buildConfigurationList = 7CF2CF862329AEC90031F2FB /* Build configuration list for PBXNativeTarget "barracuda" */;
			buildPhases = (
				7CF2CF702329AEC70031F2FB /* Sources */,
				7CF2CF712329AEC70031F2FB /* Frameworks */,
				7CF2CF722329AEC70031F2FB /* Resources */,
			);
			buildRules = (
			);
			dependencies = (
			);
			name = barracuda;
			productName = barracuda;
			productReference = 7CF2CF742329AEC70031F2FB /* barracuda.app */;
			productType = "com.apple.product-type.application";
		};
/* End PBXNativeTarget section */

/* Begin PBXProject section */
		7CF2CF6C2329AEC70031F2FB /* Project object */ = {
			isa = PBXProject;
			attributes = {
				LastSwiftUpdateCheck = 1020;
				LastUpgradeCheck = 1020;
				ORGANIZATIONNAME = "Yasin Ehsan";
				TargetAttributes = {
					7CF2CF732329AEC70031F2FB = {
						CreatedOnToolsVersion = 10.2.1;
						SystemCapabilities = {
							com.apple.BackgroundModes = {
								enabled = 1;
							};
							com.apple.Maps.iOS = {
								enabled = 1;
							};
							com.apple.Push = {
								enabled = 1;
							};
						};
					};
				};
			};
			buildConfigurationList = 7CF2CF6F2329AEC70031F2FB /* Build configuration list for PBXProject "barracuda" */;
			compatibilityVersion = "Xcode 9.3";
			developmentRegion = en;
			hasScannedForEncodings = 0;
			knownRegions = (
				en,
				Base,
			);
			mainGroup = 7CF2CF6B2329AEC70031F2FB;
			productRefGroup = 7CF2CF752329AEC70031F2FB /* Products */;
			projectDirPath = "";
			projectRoot = "";
			targets = (
				7CF2CF732329AEC70031F2FB /* barracuda */,
			);
		};
/* End PBXProject section */

/* Begin PBXResourcesBuildPhase section */
		7CF2CF722329AEC70031F2FB /* Resources */ = {
			isa = PBXResourcesBuildPhase;
			buildActionMask = 2147483647;
			files = (
				7CF2CF822329AEC90031F2FB /* LaunchScreen.storyboard in Resources */,
				7CF2CF7F2329AEC90031F2FB /* Assets.xcassets in Resources */,
				7CF2CF7D2329AEC70031F2FB /* Main.storyboard in Resources */,
			);
			runOnlyForDeploymentPostprocessing = 0;
		};
/* End PBXResourcesBuildPhase section */

/* Begin PBXSourcesBuildPhase section */
		7CF2CF702329AEC70031F2FB /* Sources */ = {
			isa = PBXSourcesBuildPhase;
			buildActionMask = 2147483647;
			files = (
				7CF2CF902329B0680031F2FB /* Geofence.swift in Sources */,
				7CF2CF782329AEC70031F2FB /* AppDelegate.swift in Sources */,
				7CF2CF922329B0770031F2FB /* GeofenceHandler.swift in Sources */,
				7CF2CF8E2329B0470031F2FB /* UserViewController.swift in Sources */,
			);
			runOnlyForDeploymentPostprocessing = 0;
		};
/* End PBXSourcesBuildPhase section */

/* Begin PBXVariantGroup section */
		7CF2CF7B2329AEC70031F2FB /* Main.storyboard */ = {
			isa = PBXVariantGroup;
			children = (
				7CF2CF7C2329AEC70031F2FB /* Base */,
			);
			name = Main.storyboard;
			sourceTree = "<group>";
		};
		7CF2CF802329AEC90031F2FB /* LaunchScreen.storyboard */ = {
			isa = PBXVariantGroup;
			children = (
				7CF2CF812329AEC90031F2FB /* Base */,
			);
			name = LaunchScreen.storyboard;
			sourceTree = "<group>";
		};
/* End PBXVariantGroup section */

/* Begin XCBuildConfiguration section */
		7CF2CF842329AEC90031F2FB /* Debug */ = {
			isa = XCBuildConfiguration;
			buildSettings = {
				ALWAYS_SEARCH_USER_PATHS = NO;
				CLANG_ANALYZER_NONNULL = YES;
				CLANG_ANALYZER_NUMBER_OBJECT_CONVERSION = YES_AGGRESSIVE;
				CLANG_CXX_LANGUAGE_STANDARD = "gnu++14";
				CLANG_CXX_LIBRARY = "libc++";
				CLANG_ENABLE_MODULES = YES;
				CLANG_ENABLE_OBJC_ARC = YES;
				CLANG_ENABLE_OBJC_WEAK = YES;
				CLANG_WARN_BLOCK_CAPTURE_AUTORELEASING = YES;
				CLANG_WARN_BOOL_CONVERSION = YES;
				CLANG_WARN_COMMA = YES;
				CLANG_WARN_CONSTANT_CONVERSION = YES;
				CLANG_WARN_DEPRECATED_OBJC_IMPLEMENTATIONS = YES;
				CLANG_WARN_DIRECT_OBJC_ISA_USAGE = YES_ERROR;
				CLANG_WARN_DOCUMENTATION_COMMENTS = YES;
				CLANG_WARN_EMPTY_BODY = YES;
				CLANG_WARN_ENUM_CONVERSION = YES;
				CLANG_WARN_INFINITE_RECURSION = YES;
				CLANG_WARN_INT_CONVERSION = YES;
				CLANG_WARN_NON_LITERAL_NULL_CONVERSION = YES;
				CLANG_WARN_OBJC_IMPLICIT_RETAIN_SELF = YES;
				CLANG_WARN_OBJC_LITERAL_CONVERSION = YES;
				CLANG_WARN_OBJC_ROOT_CLASS = YES_ERROR;
				CLANG_WARN_RANGE_LOOP_ANALYSIS = YES;
				CLANG_WARN_STRICT_PROTOTYPES = YES;
				CLANG_WARN_SUSPICIOUS_MOVE = YES;
				CLANG_WARN_UNGUARDED_AVAILABILITY = YES_AGGRESSIVE;
				CLANG_WARN_UNREACHABLE_CODE = YES;
				CLANG_WARN__DUPLICATE_METHOD_MATCH = YES;
				CODE_SIGN_IDENTITY = "iPhone Developer";
				COPY_PHASE_STRIP = NO;
				DEBUG_INFORMATION_FORMAT = dwarf;
				ENABLE_STRICT_OBJC_MSGSEND = YES;
				ENABLE_TESTABILITY = YES;
				GCC_C_LANGUAGE_STANDARD = gnu11;
				GCC_DYNAMIC_NO_PIC = NO;
				GCC_NO_COMMON_BLOCKS = YES;
				GCC_OPTIMIZATION_LEVEL = 0;
				GCC_PREPROCESSOR_DEFINITIONS = (
					"DEBUG=1",
					"$(inherited)",
				);
				GCC_WARN_64_TO_32_BIT_CONVERSION = YES;
				GCC_WARN_ABOUT_RETURN_TYPE = YES_ERROR;
				GCC_WARN_UNDECLARED_SELECTOR = YES;
				GCC_WARN_UNINITIALIZED_AUTOS = YES_AGGRESSIVE;
				GCC_WARN_UNUSED_FUNCTION = YES;
				GCC_WARN_UNUSED_VARIABLE = YES;
				IPHONEOS_DEPLOYMENT_TARGET = 12.2;
				MTL_ENABLE_DEBUG_INFO = INCLUDE_SOURCE;
				MTL_FAST_MATH = YES;
				ONLY_ACTIVE_ARCH = YES;
				SDKROOT = iphoneos;
				SWIFT_ACTIVE_COMPILATION_CONDITIONS = DEBUG;
				SWIFT_OPTIMIZATION_LEVEL = "-Onone";
			};
			name = Debug;
		};
		7CF2CF852329AEC90031F2FB /* Release */ = {
			isa = XCBuildConfiguration;
			buildSettings = {
				ALWAYS_SEARCH_USER_PATHS = NO;
				CLANG_ANALYZER_NONNULL = YES;
				CLANG_ANALYZER_NUMBER_OBJECT_CONVERSION = YES_AGGRESSIVE;
				CLANG_CXX_LANGUAGE_STANDARD = "gnu++14";
				CLANG_CXX_LIBRARY = "libc++";
				CLANG_ENABLE_MODULES = YES;
				CLANG_ENABLE_OBJC_ARC = YES;
				CLANG_ENABLE_OBJC_WEAK = YES;
				CLANG_WARN_BLOCK_CAPTURE_AUTORELEASING = YES;
				CLANG_WARN_BOOL_CONVERSION = YES;
				CLANG_WARN_COMMA = YES;
				CLANG_WARN_CONSTANT_CONVERSION = YES;
				CLANG_WARN_DEPRECATED_OBJC_IMPLEMENTATIONS = YES;
				CLANG_WARN_DIRECT_OBJC_ISA_USAGE = YES_ERROR;
				CLANG_WARN_DOCUMENTATION_COMMENTS = YES;
				CLANG_WARN_EMPTY_BODY = YES;
				CLANG_WARN_ENUM_CONVERSION = YES;
				CLANG_WARN_INFINITE_RECURSION = YES;
				CLANG_WARN_INT_CONVERSION = YES;
				CLANG_WARN_NON_LITERAL_NULL_CONVERSION = YES;
				CLANG_WARN_OBJC_IMPLICIT_RETAIN_SELF = YES;
				CLANG_WARN_OBJC_LITERAL_CONVERSION = YES;
				CLANG_WARN_OBJC_ROOT_CLASS = YES_ERROR;
				CLANG_WARN_RANGE_LOOP_ANALYSIS = YES;
				CLANG_WARN_STRICT_PROTOTYPES = YES;
				CLANG_WARN_SUSPICIOUS_MOVE = YES;
				CLANG_WARN_UNGUARDED_AVAILABILITY = YES_AGGRESSIVE;
				CLANG_WARN_UNREACHABLE_CODE = YES;
				CLANG_WARN__DUPLICATE_METHOD_MATCH = YES;
				CODE_SIGN_IDENTITY = "iPhone Developer";
				COPY_PHASE_STRIP = NO;
				DEBUG_INFORMATION_FORMAT = "dwarf-with-dsym";
				ENABLE_NS_ASSERTIONS = NO;
				ENABLE_STRICT_OBJC_MSGSEND = YES;
				GCC_C_LANGUAGE_STANDARD = gnu11;
				GCC_NO_COMMON_BLOCKS = YES;
				GCC_WARN_64_TO_32_BIT_CONVERSION = YES;
				GCC_WARN_ABOUT_RETURN_TYPE = YES_ERROR;
				GCC_WARN_UNDECLARED_SELECTOR = YES;
				GCC_WARN_UNINITIALIZED_AUTOS = YES_AGGRESSIVE;
				GCC_WARN_UNUSED_FUNCTION = YES;
				GCC_WARN_UNUSED_VARIABLE = YES;
				IPHONEOS_DEPLOYMENT_TARGET = 12.2;
				MTL_ENABLE_DEBUG_INFO = NO;
				MTL_FAST_MATH = YES;
				SDKROOT = iphoneos;
				SWIFT_COMPILATION_MODE = wholemodule;
				SWIFT_OPTIMIZATION_LEVEL = "-O";
				VALIDATE_PRODUCT = YES;
			};
			name = Release;
		};
		7CF2CF872329AEC90031F2FB /* Debug */ = {
			isa = XCBuildConfiguration;
			buildSettings = {
				ASSETCATALOG_COMPILER_APPICON_NAME = AppIcon;
				CODE_SIGN_ENTITLEMENTS = barracuda/barracuda.entitlements;
				CODE_SIGN_STYLE = Automatic;
				DEVELOPMENT_TEAM = 4L2JW8YQE4;
				INFOPLIST_FILE = barracuda/Info.plist;
				LD_RUNPATH_SEARCH_PATHS = (
					"$(inherited)",
					"@executable_path/Frameworks",
				);
				PRODUCT_BUNDLE_IDENTIFIER = com.yasinehsan.barracuda;
				PRODUCT_NAME = "$(TARGET_NAME)";
				SWIFT_VERSION = 5.0;
				TARGETED_DEVICE_FAMILY = "1,2";
			};
			name = Debug;
		};
		7CF2CF882329AEC90031F2FB /* Release */ = {
			isa = XCBuildConfiguration;
			buildSettings = {
				ASSETCATALOG_COMPILER_APPICON_NAME = AppIcon;
				CODE_SIGN_ENTITLEMENTS = barracuda/barracuda.entitlements;
				CODE_SIGN_STYLE = Automatic;
				DEVELOPMENT_TEAM = 4L2JW8YQE4;
				INFOPLIST_FILE = barracuda/Info.plist;
				LD_RUNPATH_SEARCH_PATHS = (
					"$(inherited)",
					"@executable_path/Frameworks",
				);
				PRODUCT_BUNDLE_IDENTIFIER = com.yasinehsan.barracuda;
				PRODUCT_NAME = "$(TARGET_NAME)";
				SWIFT_VERSION = 5.0;
				TARGETED_DEVICE_FAMILY = "1,2";
			};
			name = Release;
		};
/* End XCBuildConfiguration section */

/* Begin XCConfigurationList section */
		7CF2CF6F2329AEC70031F2FB /* Build configuration list for PBXProject "barracuda" */ = {
			isa = XCConfigurationList;
			buildConfigurations = (
				7CF2CF842329AEC90031F2FB /* Debug */,
				7CF2CF852329AEC90031F2FB /* Release */,
			);
			defaultConfigurationIsVisible = 0;
			defaultConfigurationName = Release;
		};
		7CF2CF862329AEC90031F2FB /* Build configuration list for PBXNativeTarget "barracuda" */ = {
			isa = XCConfigurationList;
			buildConfigurations = (
				7CF2CF872329AEC90031F2FB /* Debug */,
				7CF2CF882329AEC90031F2FB /* Release */,
			);
			defaultConfigurationIsVisible = 0;
			defaultConfigurationName = Release;
		};
/* End XCConfigurationList section */
	};
	rootObject = 7CF2CF6C2329AEC70031F2FB /* Project object */;
}
